
Microsoft Visual Studio Solution File, Format Version 12.00
# Visual Studio Version 17
VisualStudioVersion = 17.11.35327.3
MinimumVisualStudioVersion = 10.0.40219.1
Project("{9A19103F-16F7-4668-BE54-9A1E7A4F7556}") = "netcorebus", "netcorebus\netcorebus.csproj", "{FEC13C43-D873-4192-BF1A-8CD6D454553C}"
EndProject
Global
	GlobalSection(SolutionConfigurationPlatforms) = preSolution
		Debug|Any CPU = Debug|Any CPU
		Release|Any CPU = Release|Any CPU
	EndGlobalSection
	GlobalSection(ProjectConfigurationPlatforms) = postSolution
		{FEC13C43-D873-4192-BF1A-8CD6D454553C}.Debug|Any CPU.ActiveCfg = Debug|Any CPU
		{FEC13C43-D873-4192-BF1A-8CD6D454553C}.Debug|Any CPU.Build.0 = Debug|Any CPU
		{FEC13C43-D873-4192-BF1A-8CD6D454553C}.Release|Any CPU.ActiveCfg = Release|Any CPU
		{FEC13C43-D873-4192-BF1A-8CD6D454553C}.Release|Any CPU.Build.0 = Release|Any CPU
	EndGlobalSection
	GlobalSection(SolutionProperties) = preSolution
		HideSolutionNode = FALSE
	EndGlobalSection
	GlobalSection(ExtensibilityGlobals) = postSolution
		SolutionGuid = {BC8EC5CB-974D-48BA-B376-1509862204F8}
	EndGlobalSection
EndGlobal
